# This file is generated by running "yarn install" inside your project.
# Manual changes might be lost - proceed with caution!

__metadata:
  version: 6
  cacheKey: 8

"@types/node@npm:16.11.59":
  version: 16.11.59
  resolution: "@types/node@npm:16.11.59"
  checksum: b3a2986ef8f8216bb7fd1187dcf2e69aca3e6b6b5fdfd6abf4cf11c44e3cdd587fae875a28dc4ef257e2b369e2c5290642aff6a0a9d702f3385a78f561293259
  languageName: node
  linkType: hard

"yarn-v3-issue@workspace:.":
  version: 0.0.0-use.local
  resolution: "yarn-v3-issue@workspace:."
  dependencies:
    "@types/node": 16.11.59
  languageName: unknown
  linkType: soft
